
Microsoft Visual Studio Solution File, Format Version 12.00
# Visual Studio 2012
Project("{FAE04EC0-301F-11D3-BF4B-00C04F79EFBC}") = "4Fitness", "location2\4Fitness.csproj", "{3EAADAD5-605D-4D6A-9E8C-90EADC2539E6}"
EndProject
Project("{FAE04EC0-301F-11D3-BF4B-00C04F79EFBC}") = "location2.UITests", "location2.UITests\location2.UITests.csproj", "{378DA572-79AD-4F82-AC00-A4E2E79EBECB}"
EndProject
Global
	GlobalSection(SolutionConfigurationPlatforms) = preSolution
		Debug|iPhoneSimulator = Debug|iPhoneSimulator
		Release|iPhone = Release|iPhone
		Release|iPhoneSimulator = Release|iPhoneSimulator
		Debug|iPhone = Debug|iPhone
		Debug|Any CPU = Debug|Any CPU
		Release|Any CPU = Release|Any CPU
	EndGlobalSection
	GlobalSection(ProjectConfigurationPlatforms) = postSolution
		{378DA572-79AD-4F82-AC00-A4E2E79EBECB}.Debug|Any CPU.ActiveCfg = Debug|Any CPU
		{378DA572-79AD-4F82-AC00-A4E2E79EBECB}.Debug|Any CPU.Build.0 = Debug|Any CPU
		{378DA572-79AD-4F82-AC00-A4E2E79EBECB}.Debug|iPhone.ActiveCfg = Debug|Any CPU
		{378DA572-79AD-4F82-AC00-A4E2E79EBECB}.Debug|iPhone.Build.0 = Debug|Any CPU
		{378DA572-79AD-4F82-AC00-A4E2E79EBECB}.Debug|iPhoneSimulator.ActiveCfg = Debug|Any CPU
		{378DA572-79AD-4F82-AC00-A4E2E79EBECB}.Debug|iPhoneSimulator.Build.0 = Debug|Any CPU
		{378DA572-79AD-4F82-AC00-A4E2E79EBECB}.Release|Any CPU.ActiveCfg = Release|Any CPU
		{378DA572-79AD-4F82-AC00-A4E2E79EBECB}.Release|Any CPU.Build.0 = Release|Any CPU
		{378DA572-79AD-4F82-AC00-A4E2E79EBECB}.Release|iPhone.ActiveCfg = Release|Any CPU
		{378DA572-79AD-4F82-AC00-A4E2E79EBECB}.Release|iPhone.Build.0 = Release|Any CPU
		{378DA572-79AD-4F82-AC00-A4E2E79EBECB}.Release|iPhoneSimulator.ActiveCfg = Release|Any CPU
		{378DA572-79AD-4F82-AC00-A4E2E79EBECB}.Release|iPhoneSimulator.Build.0 = Release|Any CPU
		{3EAADAD5-605D-4D6A-9E8C-90EADC2539E6}.Debug|Any CPU.ActiveCfg = Debug|iPhoneSimulator
		{3EAADAD5-605D-4D6A-9E8C-90EADC2539E6}.Debug|Any CPU.Build.0 = Debug|iPhoneSimulator
		{3EAADAD5-605D-4D6A-9E8C-90EADC2539E6}.Debug|iPhone.ActiveCfg = Debug|iPhone
		{3EAADAD5-605D-4D6A-9E8C-90EADC2539E6}.Debug|iPhone.Build.0 = Debug|iPhone
		{3EAADAD5-605D-4D6A-9E8C-90EADC2539E6}.Debug|iPhoneSimulator.ActiveCfg = Debug|iPhoneSimulator
		{3EAADAD5-605D-4D6A-9E8C-90EADC2539E6}.Debug|iPhoneSimulator.Build.0 = Debug|iPhoneSimulator
		{3EAADAD5-605D-4D6A-9E8C-90EADC2539E6}.Release|Any CPU.ActiveCfg = Release|iPhone
		{3EAADAD5-605D-4D6A-9E8C-90EADC2539E6}.Release|Any CPU.Build.0 = Release|iPhone
		{3EAADAD5-605D-4D6A-9E8C-90EADC2539E6}.Release|iPhone.ActiveCfg = Release|iPhone
		{3EAADAD5-605D-4D6A-9E8C-90EADC2539E6}.Release|iPhone.Build.0 = Release|iPhone
		{3EAADAD5-605D-4D6A-9E8C-90EADC2539E6}.Release|iPhoneSimulator.ActiveCfg = Release|iPhoneSimulator
		{3EAADAD5-605D-4D6A-9E8C-90EADC2539E6}.Release|iPhoneSimulator.Build.0 = Release|iPhoneSimulator
	EndGlobalSection
	GlobalSection(MonoDevelopProperties) = preSolution
		Policies = $0
		$0.DotNetNamingPolicy = $1
		$1.DirectoryNamespaceAssociation = None
		$1.ResourceNamePolicy = FileFormatDefault
	EndGlobalSection
EndGlobal
